
Microsoft Visual Studio Solution File, Format Version 12.00
# Visual Studio Version 17
VisualStudioVersion = 17.5.2.0
MinimumVisualStudioVersion = 10.0.40219.1
Project("{FAE04EC0-301F-11D3-BF4B-00C04F79EFBC}") = "ThaiTextCompare", "ThaiTextCompare.csproj", "{04C9242B-37EF-67BA-0681-90889F9178A0}"
EndProject
Project("{2150E333-8FDC-42A3-9474-1A3956D46DE8}") = "Tests", "Tests", "{0AB3BF05-4346-4AA6-1389-037BE0695223}"
EndProject
Project("{FAE04EC0-301F-11D3-BF4B-00C04F79EFBC}") = "ThaiTextCompare.Tests", "Tests\ThaiTextCompare.Tests.csproj", "{812412BD-0B23-481F-873D-4F76B74D50B1}"
EndProject
Global
	GlobalSection(SolutionConfigurationPlatforms) = preSolution
		Debug|Any CPU = Debug|Any CPU
		Debug|x64 = Debug|x64
		Debug|x86 = Debug|x86
		Release|Any CPU = Release|Any CPU
		Release|x64 = Release|x64
		Release|x86 = Release|x86
	EndGlobalSection
	GlobalSection(ProjectConfigurationPlatforms) = postSolution
		{04C9242B-37EF-67BA-0681-90889F9178A0}.Debug|Any CPU.ActiveCfg = Debug|Any CPU
		{04C9242B-37EF-67BA-0681-90889F9178A0}.Debug|Any CPU.Build.0 = Debug|Any CPU
		{04C9242B-37EF-67BA-0681-90889F9178A0}.Debug|x64.ActiveCfg = Debug|Any CPU
		{04C9242B-37EF-67BA-0681-90889F9178A0}.Debug|x64.Build.0 = Debug|Any CPU
		{04C9242B-37EF-67BA-0681-90889F9178A0}.Debug|x86.ActiveCfg = Debug|Any CPU
		{04C9242B-37EF-67BA-0681-90889F9178A0}.Debug|x86.Build.0 = Debug|Any CPU
		{04C9242B-37EF-67BA-0681-90889F9178A0}.Release|Any CPU.ActiveCfg = Release|Any CPU
		{04C9242B-37EF-67BA-0681-90889F9178A0}.Release|Any CPU.Build.0 = Release|Any CPU
		{04C9242B-37EF-67BA-0681-90889F9178A0}.Release|x64.ActiveCfg = Release|Any CPU
		{04C9242B-37EF-67BA-0681-90889F9178A0}.Release|x64.Build.0 = Release|Any CPU
		{04C9242B-37EF-67BA-0681-90889F9178A0}.Release|x86.ActiveCfg = Release|Any CPU
		{04C9242B-37EF-67BA-0681-90889F9178A0}.Release|x86.Build.0 = Release|Any CPU
		{812412BD-0B23-481F-873D-4F76B74D50B1}.Debug|Any CPU.ActiveCfg = Debug|Any CPU
		{812412BD-0B23-481F-873D-4F76B74D50B1}.Debug|Any CPU.Build.0 = Debug|Any CPU
		{812412BD-0B23-481F-873D-4F76B74D50B1}.Debug|x64.ActiveCfg = Debug|Any CPU
		{812412BD-0B23-481F-873D-4F76B74D50B1}.Debug|x64.Build.0 = Debug|Any CPU
		{812412BD-0B23-481F-873D-4F76B74D50B1}.Debug|x86.ActiveCfg = Debug|Any CPU
		{812412BD-0B23-481F-873D-4F76B74D50B1}.Debug|x86.Build.0 = Debug|Any CPU
		{812412BD-0B23-481F-873D-4F76B74D50B1}.Release|Any CPU.ActiveCfg = Release|Any CPU
		{812412BD-0B23-481F-873D-4F76B74D50B1}.Release|Any CPU.Build.0 = Release|Any CPU
		{812412BD-0B23-481F-873D-4F76B74D50B1}.Release|x64.ActiveCfg = Release|Any CPU
		{812412BD-0B23-481F-873D-4F76B74D50B1}.Release|x64.Build.0 = Release|Any CPU
		{812412BD-0B23-481F-873D-4F76B74D50B1}.Release|x86.ActiveCfg = Release|Any CPU
		{812412BD-0B23-481F-873D-4F76B74D50B1}.Release|x86.Build.0 = Release|Any CPU
	EndGlobalSection
	GlobalSection(SolutionProperties) = preSolution
		HideSolutionNode = FALSE
	EndGlobalSection
	GlobalSection(NestedProjects) = preSolution
		{812412BD-0B23-481F-873D-4F76B74D50B1} = {0AB3BF05-4346-4AA6-1389-037BE0695223}
	EndGlobalSection
	GlobalSection(ExtensibilityGlobals) = postSolution
		SolutionGuid = {BC0D3385-F9E6-4446-B5AF-312CEB504ED5}
	EndGlobalSection
EndGlobal
